
Microsoft Visual Studio Solution File, Format Version 12.00
# Visual Studio Version 17
VisualStudioVersion = 17.5.002.0
MinimumVisualStudioVersion = 10.0.40219.1
Project("{9A19103F-16F7-4668-BE54-9A1E7A4F7556}") = "WebApiModulum", "WebApiModulum.csproj", "{DF9520EA-3532-443B-9837-CEA09713EDEF}"
EndProject
Global
	GlobalSection(SolutionConfigurationPlatforms) = preSolution
		Debug|Any CPU = Debug|Any CPU
		Release|Any CPU = Release|Any CPU
	EndGlobalSection
	GlobalSection(ProjectConfigurationPlatforms) = postSolution
		{DF9520EA-3532-443B-9837-CEA09713EDEF}.Debug|Any CPU.ActiveCfg = Debug|Any CPU
		{DF9520EA-3532-443B-9837-CEA09713EDEF}.Debug|Any CPU.Build.0 = Debug|Any CPU
		{DF9520EA-3532-443B-9837-CEA09713EDEF}.Release|Any CPU.ActiveCfg = Release|Any CPU
		{DF9520EA-3532-443B-9837-CEA09713EDEF}.Release|Any CPU.Build.0 = Release|Any CPU
	EndGlobalSection
	GlobalSection(SolutionProperties) = preSolution
		HideSolutionNode = FALSE
	EndGlobalSection
	GlobalSection(ExtensibilityGlobals) = postSolution
		SolutionGuid = {80C8B25D-02F9-46E2-9C27-70FC1A75B132}
	EndGlobalSection
EndGlobal
